{
  "name": "@komino/k8",
  "version": "0.2.5",
  "lockfileVersion": 1,
  "requires": true,
  "dependencies": {
    "@komino/k8-core-mvc": {
      "version": "0.0.6",
      "resolved": "https://registry.npmjs.org/@komino/k8-core-mvc/-/k8-core-mvc-0.0.6.tgz",
      "integrity": "sha512-KFm5H9t8q56P2uaBB/Jdo7fqPbDWAWBt8VcKZpf/G7ihyflvtsopBtuMcWeRSe4jQPUkjeaF292gdwMO9GDVgQ=="
    }
  }
}
